<?xml version="1.0" encoding="utf-8"?>
<Project ToolsVersion="4.0" xmlns="http://schemas.microsoft.com/developer/msbuild/2003">
  <ItemGroup>
    <Filter Include="win32">
      <UniqueIdentifier>{84a8ebd7-7cf0-47f6-b75e-d441df67da40}</UniqueIdentifier>
    </Filter>
    <Filter Include="resource">
      <UniqueIdentifier>{715254bc-d70b-4ec5-bf29-467dd3ace079}</UniqueIdentifier>
    </Filter>
    <Filter Include="src">
      <UniqueIdentifier>{bb6c862e-70e9-49d9-81b7-3829a6f50471}</UniqueIdentifier>
    </Filter>
  </ItemGroup>
  <ItemGroup>
    <ClCompile Include="main.cpp">
      <Filter>win32</Filter>
    </ClCompile>
    <ClCompile Include="..\Classes\AppDelegate.cpp">
      <Filter>src</Filter>
    </ClCompile>
    <ClCompile Include="..\Classes\CardGameScene.cpp">
      <Filter>src</Filter>
    </ClCompile>
    <ClCompile Include="..\Classes\cardgame\CardView.cpp">
      <Filter>src</Filter>
    </ClCompile>
    <ClCompile Include="..\Classes\cardgame\GameOverlayView.cpp">
      <Filter>src</Filter>
    </ClCompile>
    <ClCompile Include="..\Classes\cardgame\GameCommand.cpp">
      <Filter>src</Filter>
    </ClCompile>
    <ClCompile Include="..\Classes\cardgame\GameState.cpp">
      <Filter>src</Filter>
    </ClCompile>
    <ClCompile Include="..\Classes\cardgame\LevelSessionLoader.cpp">
      <Filter>src</Filter>
    </ClCompile>
    <ClCompile Include="..\Classes\tools\LevelLoader.cpp">
      <Filter>src</Filter>
    </ClCompile>
    <ClCompile Include="..\Classes\tools\LevelInspector.cpp">
      <Filter>src</Filter>
    </ClCompile>
    <ClCompile Include="..\Classes\tools\LevelSolver.cpp">
      <Filter>src</Filter>
    </ClCompile>
    <ClCompile Include="..\Classes\tools\LevelValidator.cpp">
      <Filter>src</Filter>
    </ClCompile>
  </ItemGroup>
  <ItemGroup>
    <ClInclude Include="main.h">
      <Filter>win32</Filter>
    </ClInclude>
    <ClInclude Include="..\Classes\AppDelegate.h">
      <Filter>src</Filter>
    </ClInclude>
    <ClInclude Include="..\Classes\CardGameScene.h">
      <Filter>src</Filter>
    </ClInclude>
    <ClInclude Include="..\Classes\cardgame\CardAssetCatalog.h">
      <Filter>src</Filter>
    </ClInclude>
    <ClInclude Include="..\Classes\cardgame\CardTypes.h">
      <Filter>src</Filter>
    </ClInclude>
    <ClInclude Include="..\Classes\cardgame\CardView.h">
      <Filter>src</Filter>
    </ClInclude>
    <ClInclude Include="..\Classes\cardgame\GameOverlayView.h">
      <Filter>src</Filter>
    </ClInclude>
    <ClInclude Include="..\Classes\cardgame\GameCommand.h">
      <Filter>src</Filter>
    </ClInclude>
    <ClInclude Include="..\Classes\cardgame\GameState.h">
      <Filter>src</Filter>
    </ClInclude>
    <ClInclude Include="..\Classes\cardgame\LevelSessionLoader.h">
      <Filter>src</Filter>
    </ClInclude>
    <ClInclude Include="..\Classes\tools\LevelDefinition.h">
      <Filter>src</Filter>
    </ClInclude>
    <ClInclude Include="..\Classes\tools\LevelLoader.h">
      <Filter>src</Filter>
    </ClInclude>
    <ClInclude Include="..\Classes\tools\LevelInspector.h">
      <Filter>src</Filter>
    </ClInclude>
    <ClInclude Include="..\Classes\tools\LevelSolver.h">
      <Filter>src</Filter>
    </ClInclude>
    <ClInclude Include="..\Classes\tools\LevelValidator.h">
      <Filter>src</Filter>
    </ClInclude>
  </ItemGroup>
  <ItemGroup>
    <ResourceCompile Include="game.rc">
      <Filter>resource</Filter>
    </ResourceCompile>
  </ItemGroup>
</Project>
