<?xml version="1.0" encoding="utf-8"?>
<Project ToolsVersion="4.0" xmlns="http://schemas.microsoft.com/developer/msbuild/2003">
  <ItemGroup>
    <Filter Include="win32">
      <UniqueIdentifier>{84a8ebd7-7cf0-47f6-b75e-d441df67da40}</UniqueIdentifier>
    </Filter>
    <Filter Include="resource">
      <UniqueIdentifier>{715254bc-d70b-4ec5-bf29-467dd3ace079}</UniqueIdentifier>
    </Filter>
    <Filter Include="src">
      <UniqueIdentifier>{bb6c862e-70e9-49d9-81b7-3829a6f50471}</UniqueIdentifier>
    </Filter>
    <Filter Include="src\app">
      <UniqueIdentifier>{c19a4dc4-6b67-4e28-b87c-5c41d70eb316}</UniqueIdentifier>
    </Filter>
    <Filter Include="src\data">
      <UniqueIdentifier>{08d2fe70-cfdb-42bf-b456-f0fa7526534a}</UniqueIdentifier>
    </Filter>
    <Filter Include="src\logic">
      <UniqueIdentifier>{f5f90b1a-8f07-45f0-bfe8-a5f6669352f1}</UniqueIdentifier>
    </Filter>
    <Filter Include="src\view">
      <UniqueIdentifier>{40d6f1bd-42fd-4b2d-bec1-f3d7731d0a0e}</UniqueIdentifier>
    </Filter>
  </ItemGroup>
  <ItemGroup>
    <ClCompile Include="main.cpp">
      <Filter>win32</Filter>
    </ClCompile>
    <ClCompile Include="..\Classes\app\AppDelegate.cpp">
      <Filter>src\app</Filter>
    </ClCompile>
    <ClCompile Include="..\Classes\data\LevelLoader.cpp">
      <Filter>src\data</Filter>
    </ClCompile>
    <ClCompile Include="..\Classes\logic\GameCommand.cpp">
      <Filter>src\logic</Filter>
    </ClCompile>
    <ClCompile Include="..\Classes\logic\GameState.cpp">
      <Filter>src\logic</Filter>
    </ClCompile>
    <ClCompile Include="..\Classes\logic\LevelInspector.cpp">
      <Filter>src\logic</Filter>
    </ClCompile>
    <ClCompile Include="..\Classes\logic\LevelSessionLoader.cpp">
      <Filter>src\logic</Filter>
    </ClCompile>
    <ClCompile Include="..\Classes\logic\LevelSolver.cpp">
      <Filter>src\logic</Filter>
    </ClCompile>
    <ClCompile Include="..\Classes\logic\LevelValidator.cpp">
      <Filter>src\logic</Filter>
    </ClCompile>
    <ClCompile Include="..\Classes\view\CardGameScene.cpp">
      <Filter>src\view</Filter>
    </ClCompile>
    <ClCompile Include="..\Classes\view\CardView.cpp">
      <Filter>src\view</Filter>
    </ClCompile>
    <ClCompile Include="..\Classes\view\GameOverlayView.cpp">
      <Filter>src\view</Filter>
    </ClCompile>
  </ItemGroup>
  <ItemGroup>
    <ClInclude Include="main.h">
      <Filter>win32</Filter>
    </ClInclude>
    <ClInclude Include="..\Classes\app\AppDelegate.h">
      <Filter>src\app</Filter>
    </ClInclude>
    <ClInclude Include="..\Classes\data\CardData.h">
      <Filter>src\data</Filter>
    </ClInclude>
    <ClInclude Include="..\Classes\data\CardTypes.h">
      <Filter>src\data</Filter>
    </ClInclude>
    <ClInclude Include="..\Classes\data\LevelDefinition.h">
      <Filter>src\data</Filter>
    </ClInclude>
    <ClInclude Include="..\Classes\data\LevelLoader.h">
      <Filter>src\data</Filter>
    </ClInclude>
    <ClInclude Include="..\Classes\logic\GameCommand.h">
      <Filter>src\logic</Filter>
    </ClInclude>
    <ClInclude Include="..\Classes\logic\GameState.h">
      <Filter>src\logic</Filter>
    </ClInclude>
    <ClInclude Include="..\Classes\logic\LevelInspector.h">
      <Filter>src\logic</Filter>
    </ClInclude>
    <ClInclude Include="..\Classes\logic\LevelSessionLoader.h">
      <Filter>src\logic</Filter>
    </ClInclude>
    <ClInclude Include="..\Classes\logic\LevelSolver.h">
      <Filter>src\logic</Filter>
    </ClInclude>
    <ClInclude Include="..\Classes\logic\LevelValidator.h">
      <Filter>src\logic</Filter>
    </ClInclude>
    <ClInclude Include="..\Classes\view\CardAssetCatalog.h">
      <Filter>src\view</Filter>
    </ClInclude>
    <ClInclude Include="..\Classes\view\CardGameScene.h">
      <Filter>src\view</Filter>
    </ClInclude>
    <ClInclude Include="..\Classes\view\CardView.h">
      <Filter>src\view</Filter>
    </ClInclude>
    <ClInclude Include="..\Classes\view\GameOverlayView.h">
      <Filter>src\view</Filter>
    </ClInclude>
  </ItemGroup>
  <ItemGroup>
    <ResourceCompile Include="game.rc">
      <Filter>resource</Filter>
    </ResourceCompile>
  </ItemGroup>
</Project>
